
Microsoft Visual Studio Solution File, Format Version 12.00
# Visual Studio 15
VisualStudioVersion = 15.0.28307.168
MinimumVisualStudioVersion = 10.0.40219.1
Project("{FAE04EC0-301F-11D3-BF4B-00C04F79EFBC}") = "SingletonDesignPatterns", "Singleton and the Factory design patterns\SingletonDesignPatterns.csproj", "{AF85BD55-A243-41E9-A917-8F71FF0BA838}"
EndProject
Project("{FAE04EC0-301F-11D3-BF4B-00C04F79EFBC}") = "FactoryDesignPatterns", "FactoryDesignPatterns\FactoryDesignPatterns.csproj", "{29A06B89-9D70-4651-8999-3A45C7DF5348}"
EndProject
Global
	GlobalSection(SolutionConfigurationPlatforms) = preSolution
		Debug|Any CPU = Debug|Any CPU
		Release|Any CPU = Release|Any CPU
	EndGlobalSection
	GlobalSection(ProjectConfigurationPlatforms) = postSolution
		{AF85BD55-A243-41E9-A917-8F71FF0BA838}.Debug|Any CPU.ActiveCfg = Debug|Any CPU
		{AF85BD55-A243-41E9-A917-8F71FF0BA838}.Debug|Any CPU.Build.0 = Debug|Any CPU
		{AF85BD55-A243-41E9-A917-8F71FF0BA838}.Release|Any CPU.ActiveCfg = Release|Any CPU
		{AF85BD55-A243-41E9-A917-8F71FF0BA838}.Release|Any CPU.Build.0 = Release|Any CPU
		{29A06B89-9D70-4651-8999-3A45C7DF5348}.Debug|Any CPU.ActiveCfg = Debug|Any CPU
		{29A06B89-9D70-4651-8999-3A45C7DF5348}.Debug|Any CPU.Build.0 = Debug|Any CPU
		{29A06B89-9D70-4651-8999-3A45C7DF5348}.Release|Any CPU.ActiveCfg = Release|Any CPU
		{29A06B89-9D70-4651-8999-3A45C7DF5348}.Release|Any CPU.Build.0 = Release|Any CPU
	EndGlobalSection
	GlobalSection(SolutionProperties) = preSolution
		HideSolutionNode = FALSE
	EndGlobalSection
	GlobalSection(ExtensibilityGlobals) = postSolution
		SolutionGuid = {C11D7C2F-B35A-45F8-84BE-0CE814F382A4}
	EndGlobalSection
EndGlobal
